
Microsoft Visual Studio Solution File, Format Version 12.00
# Visual Studio Version 17
VisualStudioVersion = 17.8.34309.116
MinimumVisualStudioVersion = 10.0.40219.1
Project("{FAE04EC0-301F-11D3-BF4B-00C04F79EFBC}") = "Expedicio", "Expedicio\Expedicio.csproj", "{2672AA21-1589-4DCF-BB4C-7B7DF020F8E7}"
EndProject
Project("{FAE04EC0-301F-11D3-BF4B-00C04F79EFBC}") = "Hotellift", "Hotellift\Hotellift.csproj", "{1B8F96E1-0B7C-4825-BDB3-E000F6334B1C}"
EndProject
Project("{FAE04EC0-301F-11D3-BF4B-00C04F79EFBC}") = "Vasmegye", "Vasmegye\Vasmegye.csproj", "{D2E39D6A-9892-489C-8CF2-E0BD9D6F0372}"
EndProject
Global
	GlobalSection(SolutionConfigurationPlatforms) = preSolution
		Debug|Any CPU = Debug|Any CPU
		Release|Any CPU = Release|Any CPU
	EndGlobalSection
	GlobalSection(ProjectConfigurationPlatforms) = postSolution
		{2672AA21-1589-4DCF-BB4C-7B7DF020F8E7}.Debug|Any CPU.ActiveCfg = Debug|Any CPU
		{2672AA21-1589-4DCF-BB4C-7B7DF020F8E7}.Debug|Any CPU.Build.0 = Debug|Any CPU
		{2672AA21-1589-4DCF-BB4C-7B7DF020F8E7}.Release|Any CPU.ActiveCfg = Release|Any CPU
		{2672AA21-1589-4DCF-BB4C-7B7DF020F8E7}.Release|Any CPU.Build.0 = Release|Any CPU
		{1B8F96E1-0B7C-4825-BDB3-E000F6334B1C}.Debug|Any CPU.ActiveCfg = Debug|Any CPU
		{1B8F96E1-0B7C-4825-BDB3-E000F6334B1C}.Debug|Any CPU.Build.0 = Debug|Any CPU
		{1B8F96E1-0B7C-4825-BDB3-E000F6334B1C}.Release|Any CPU.ActiveCfg = Release|Any CPU
		{1B8F96E1-0B7C-4825-BDB3-E000F6334B1C}.Release|Any CPU.Build.0 = Release|Any CPU
		{D2E39D6A-9892-489C-8CF2-E0BD9D6F0372}.Debug|Any CPU.ActiveCfg = Debug|Any CPU
		{D2E39D6A-9892-489C-8CF2-E0BD9D6F0372}.Debug|Any CPU.Build.0 = Debug|Any CPU
		{D2E39D6A-9892-489C-8CF2-E0BD9D6F0372}.Release|Any CPU.ActiveCfg = Release|Any CPU
		{D2E39D6A-9892-489C-8CF2-E0BD9D6F0372}.Release|Any CPU.Build.0 = Release|Any CPU
	EndGlobalSection
	GlobalSection(SolutionProperties) = preSolution
		HideSolutionNode = FALSE
	EndGlobalSection
	GlobalSection(ExtensibilityGlobals) = postSolution
		SolutionGuid = {BA98513C-467F-4AE0-B4BF-53083A359F9F}
	EndGlobalSection
EndGlobal
